
Microsoft Visual Studio Solution File, Format Version 12.00
# Visual Studio Version 16
VisualStudioVersion = 16.0.29001.49
MinimumVisualStudioVersion = 10.0.40219.1
Project("{FAE04EC0-301F-11D3-BF4B-00C04F79EFBC}") = "testGitApp", "testGitApp.csproj", "{CFB7A90C-C6A9-4CEB-BE94-B10BFF71E031}"
EndProject
Global
	GlobalSection(SolutionConfigurationPlatforms) = preSolution
		Debug|Any CPU = Debug|Any CPU
		Release|Any CPU = Release|Any CPU
	EndGlobalSection
	GlobalSection(ProjectConfigurationPlatforms) = postSolution
		{CFB7A90C-C6A9-4CEB-BE94-B10BFF71E031}.Debug|Any CPU.ActiveCfg = Debug|Any CPU
		{CFB7A90C-C6A9-4CEB-BE94-B10BFF71E031}.Debug|Any CPU.Build.0 = Debug|Any CPU
		{CFB7A90C-C6A9-4CEB-BE94-B10BFF71E031}.Release|Any CPU.ActiveCfg = Release|Any CPU
		{CFB7A90C-C6A9-4CEB-BE94-B10BFF71E031}.Release|Any CPU.Build.0 = Release|Any CPU
	EndGlobalSection
	GlobalSection(SolutionProperties) = preSolution
		HideSolutionNode = FALSE
	EndGlobalSection
	GlobalSection(ExtensibilityGlobals) = postSolution
		SolutionGuid = {B016E79A-D2D2-463D-9FBB-4FA132544C8E}
	EndGlobalSection
EndGlobal
